
Microsoft Visual Studio Solution File, Format Version 12.00
# Visual Studio Version 17
VisualStudioVersion = 17.4.33205.214
MinimumVisualStudioVersion = 10.0.40219.1
Project("{8BC9CEB8-8B4A-11D0-8D11-00A0C91BC942}") = "lect1", "lect1\lect1.vcxproj", "{93CC9264-32BB-4CC5-8930-24C0ABA9EC17}"
EndProject
Project("{8BC9CEB8-8B4A-11D0-8D11-00A0C91BC942}") = "lect2", "lect2\lect2.vcxproj", "{48F1DFED-A728-4552-8680-A446DA35D277}"
EndProject
Project("{8BC9CEB8-8B4A-11D0-8D11-00A0C91BC942}") = "lect3", "lect3\lect3.vcxproj", "{40D25C34-C313-4CE3-B15A-8BDA9719A4A6}"
EndProject
Project("{8BC9CEB8-8B4A-11D0-8D11-00A0C91BC942}") = "lect4", "lect4\lect4.vcxproj", "{DF07BB77-D311-4A52-822C-EF58807B1CF9}"
EndProject
Project("{8BC9CEB8-8B4A-11D0-8D11-00A0C91BC942}") = "lect5", "lect5\lect5.vcxproj", "{E274DA46-7F8C-49EF-91B1-361D3CFF82BF}"
EndProject
Global
	GlobalSection(SolutionConfigurationPlatforms) = preSolution
		Debug|x64 = Debug|x64
		Debug|x86 = Debug|x86
		Release|x64 = Release|x64
		Release|x86 = Release|x86
	EndGlobalSection
	GlobalSection(ProjectConfigurationPlatforms) = postSolution
		{93CC9264-32BB-4CC5-8930-24C0ABA9EC17}.Debug|x64.ActiveCfg = Debug|x64
		{93CC9264-32BB-4CC5-8930-24C0ABA9EC17}.Debug|x64.Build.0 = Debug|x64
		{93CC9264-32BB-4CC5-8930-24C0ABA9EC17}.Debug|x86.ActiveCfg = Debug|Win32
		{93CC9264-32BB-4CC5-8930-24C0ABA9EC17}.Debug|x86.Build.0 = Debug|Win32
		{93CC9264-32BB-4CC5-8930-24C0ABA9EC17}.Release|x64.ActiveCfg = Release|x64
		{93CC9264-32BB-4CC5-8930-24C0ABA9EC17}.Release|x64.Build.0 = Release|x64
		{93CC9264-32BB-4CC5-8930-24C0ABA9EC17}.Release|x86.ActiveCfg = Release|Win32
		{93CC9264-32BB-4CC5-8930-24C0ABA9EC17}.Release|x86.Build.0 = Release|Win32
		{48F1DFED-A728-4552-8680-A446DA35D277}.Debug|x64.ActiveCfg = Debug|x64
		{48F1DFED-A728-4552-8680-A446DA35D277}.Debug|x64.Build.0 = Debug|x64
		{48F1DFED-A728-4552-8680-A446DA35D277}.Debug|x86.ActiveCfg = Debug|Win32
		{48F1DFED-A728-4552-8680-A446DA35D277}.Debug|x86.Build.0 = Debug|Win32
		{48F1DFED-A728-4552-8680-A446DA35D277}.Release|x64.ActiveCfg = Release|x64
		{48F1DFED-A728-4552-8680-A446DA35D277}.Release|x64.Build.0 = Release|x64
		{48F1DFED-A728-4552-8680-A446DA35D277}.Release|x86.ActiveCfg = Release|Win32
		{48F1DFED-A728-4552-8680-A446DA35D277}.Release|x86.Build.0 = Release|Win32
		{40D25C34-C313-4CE3-B15A-8BDA9719A4A6}.Debug|x64.ActiveCfg = Debug|x64
		{40D25C34-C313-4CE3-B15A-8BDA9719A4A6}.Debug|x64.Build.0 = Debug|x64
		{40D25C34-C313-4CE3-B15A-8BDA9719A4A6}.Debug|x86.ActiveCfg = Debug|Win32
		{40D25C34-C313-4CE3-B15A-8BDA9719A4A6}.Debug|x86.Build.0 = Debug|Win32
		{40D25C34-C313-4CE3-B15A-8BDA9719A4A6}.Release|x64.ActiveCfg = Release|x64
		{40D25C34-C313-4CE3-B15A-8BDA9719A4A6}.Release|x64.Build.0 = Release|x64
		{40D25C34-C313-4CE3-B15A-8BDA9719A4A6}.Release|x86.ActiveCfg = Release|Win32
		{40D25C34-C313-4CE3-B15A-8BDA9719A4A6}.Release|x86.Build.0 = Release|Win32
		{DF07BB77-D311-4A52-822C-EF58807B1CF9}.Debug|x64.ActiveCfg = Debug|x64
		{DF07BB77-D311-4A52-822C-EF58807B1CF9}.Debug|x64.Build.0 = Debug|x64
		{DF07BB77-D311-4A52-822C-EF58807B1CF9}.Debug|x86.ActiveCfg = Debug|Win32
		{DF07BB77-D311-4A52-822C-EF58807B1CF9}.Debug|x86.Build.0 = Debug|Win32
		{DF07BB77-D311-4A52-822C-EF58807B1CF9}.Release|x64.ActiveCfg = Release|x64
		{DF07BB77-D311-4A52-822C-EF58807B1CF9}.Release|x64.Build.0 = Release|x64
		{DF07BB77-D311-4A52-822C-EF58807B1CF9}.Release|x86.ActiveCfg = Release|Win32
		{DF07BB77-D311-4A52-822C-EF58807B1CF9}.Release|x86.Build.0 = Release|Win32
		{E274DA46-7F8C-49EF-91B1-361D3CFF82BF}.Debug|x64.ActiveCfg = Debug|x64
		{E274DA46-7F8C-49EF-91B1-361D3CFF82BF}.Debug|x64.Build.0 = Debug|x64
		{E274DA46-7F8C-49EF-91B1-361D3CFF82BF}.Debug|x86.ActiveCfg = Debug|Win32
		{E274DA46-7F8C-49EF-91B1-361D3CFF82BF}.Debug|x86.Build.0 = Debug|Win32
		{E274DA46-7F8C-49EF-91B1-361D3CFF82BF}.Release|x64.ActiveCfg = Release|x64
		{E274DA46-7F8C-49EF-91B1-361D3CFF82BF}.Release|x64.Build.0 = Release|x64
		{E274DA46-7F8C-49EF-91B1-361D3CFF82BF}.Release|x86.ActiveCfg = Release|Win32
		{E274DA46-7F8C-49EF-91B1-361D3CFF82BF}.Release|x86.Build.0 = Release|Win32
	EndGlobalSection
	GlobalSection(SolutionProperties) = preSolution
		HideSolutionNode = FALSE
	EndGlobalSection
	GlobalSection(ExtensibilityGlobals) = postSolution
		SolutionGuid = {F3514178-D6C5-432A-B187-08DE448C2F12}
	EndGlobalSection
EndGlobal
